// !$*UTF8*$!
{
	archiveVersion = 1;
	classes = {
	};
	objectVersion = 56;
	objects = {

/* Begin PBXBuildFile section */
		981FAB142B766E7C005AFBE3 /* ChakrasView.swift in Sources */ = {isa = PBXBuildFile; fileRef = 981FAB132B766E7C005AFBE3 /* ChakrasView.swift */; };
		981FAB172B767B15005AFBE3 /* ChakrasDetailView.swift in Sources */ = {isa = PBXBuildFile; fileRef = 981FAB162B767B15005AFBE3 /* ChakrasDetailView.swift */; };
		981FAB192B76B616005AFBE3 /* ShareView.swift in Sources */ = {isa = PBXBuildFile; fileRef = 981FAB182B76B616005AFBE3 /* ShareView.swift */; };
		983EB7392B754CD9001B8E86 /* TutorialViewInContents.swift in Sources */ = {isa = PBXBuildFile; fileRef = 983EB7382B754CD9001B8E86 /* TutorialViewInContents.swift */; };
		983EB73C2B755914001B8E86 /* Localizable.strings in Resources */ = {isa = PBXBuildFile; fileRef = 983EB73E2B755914001B8E86 /* Localizable.strings */; };
		986FAB6C2B7BA1A4004D731E /* kalp.mp3 in Resources */ = {isa = PBXBuildFile; fileRef = 986FAB6B2B7BA1A4004D731E /* kalp.mp3 */; };
		EA076E772B15DE71001A033C /* CalmApp.swift in Sources */ = {isa = PBXBuildFile; fileRef = EA076E762B15DE71001A033C /* CalmApp.swift */; };
		EA076E7E2B15DE72001A033C /* Preview Assets.xcassets in Resources */ = {isa = PBXBuildFile; fileRef = EA076E7D2B15DE72001A033C /* Preview Assets.xcassets */; };
		EA076E852B15DF7F001A033C /* AudioPlayer.swift in Sources */ = {isa = PBXBuildFile; fileRef = EA076E842B15DF7F001A033C /* AudioPlayer.swift */; };
		EA1E5DBD2B716B440003D726 /* iletişim.mp3 in Resources */ = {isa = PBXBuildFile; fileRef = EA1E5DBC2B716B440003D726 /* iletişim.mp3 */; };
		EA2EA2F52B160369002D300E /* 1.mp3 in Resources */ = {isa = PBXBuildFile; fileRef = EA2EA2F32B160369002D300E /* 1.mp3 */; };
		EA367F912B70502C007EF775 /* MainView.swift in Sources */ = {isa = PBXBuildFile; fileRef = EA367F902B70502C007EF775 /* MainView.swift */; };
		EA37F1902B6EF28E00884AC4 /* nefes.mp3 in Resources */ = {isa = PBXBuildFile; fileRef = EA37F18F2B6EF28E00884AC4 /* nefes.mp3 */; };
		EA37F1962B6EFA0B00884AC4 /* Bereket&Denge.mp3 in Resources */ = {isa = PBXBuildFile; fileRef = EA37F1912B6EFA0900884AC4 /* Bereket&Denge.mp3 */; };
		EA37F1972B6EFA0B00884AC4 /* basari.mp3 in Resources */ = {isa = PBXBuildFile; fileRef = EA37F1922B6EFA0A00884AC4 /* basari.mp3 */; };
		EA37F1982B6EFA0B00884AC4 /* 4cumle.mp3 in Resources */ = {isa = PBXBuildFile; fileRef = EA37F1932B6EFA0A00884AC4 /* 4cumle.mp3 */; };
		EA37F1992B6EFA0B00884AC4 /* mujde.mp3 in Resources */ = {isa = PBXBuildFile; fileRef = EA37F1942B6EFA0A00884AC4 /* mujde.mp3 */; };
		EABA6E3E2B162B6100BBDC24 /* 2.mp3 in Resources */ = {isa = PBXBuildFile; fileRef = EABA6E3D2B162B6100BBDC24 /* 2.mp3 */; };
		EAC780642B701F81001B9F63 /* Assets.xcassets in Resources */ = {isa = PBXBuildFile; fileRef = EAC780632B701F81001B9F63 /* Assets.xcassets */; };
/* End PBXBuildFile section */

/* Begin PBXFileReference section */
		981FAB132B766E7C005AFBE3 /* ChakrasView.swift */ = {isa = PBXFileReference; lastKnownFileType = sourcecode.swift; path = ChakrasView.swift; sourceTree = "<group>"; };
		981FAB162B767B15005AFBE3 /* ChakrasDetailView.swift */ = {isa = PBXFileReference; lastKnownFileType = sourcecode.swift; path = ChakrasDetailView.swift; sourceTree = "<group>"; };
		981FAB182B76B616005AFBE3 /* ShareView.swift */ = {isa = PBXFileReference; lastKnownFileType = sourcecode.swift; path = ShareView.swift; sourceTree = "<group>"; };
		983EB7382B754CD9001B8E86 /* TutorialViewInContents.swift */ = {isa = PBXFileReference; lastKnownFileType = sourcecode.swift; path = TutorialViewInContents.swift; sourceTree = "<group>"; };
		983EB73D2B755914001B8E86 /* en */ = {isa = PBXFileReference; lastKnownFileType = text.plist.strings; name = en; path = en.lproj/Localizable.strings; sourceTree = "<group>"; };
		983EB73F2B755F1C001B8E86 /* tr */ = {isa = PBXFileReference; lastKnownFileType = text.plist.strings; name = tr; path = tr.lproj/Localizable.strings; sourceTree = "<group>"; };
		986FAB6B2B7BA1A4004D731E /* kalp.mp3 */ = {isa = PBXFileReference; lastKnownFileType = audio.mp3; path = kalp.mp3; sourceTree = "<group>"; };
		EA076E732B15DE71001A033C /* Calm.app */ = {isa = PBXFileReference; explicitFileType = wrapper.application; includeInIndex = 0; path = Calm.app; sourceTree = BUILT_PRODUCTS_DIR; };
		EA076E762B15DE71001A033C /* CalmApp.swift */ = {isa = PBXFileReference; lastKnownFileType = sourcecode.swift; path = CalmApp.swift; sourceTree = "<group>"; };
		EA076E7D2B15DE72001A033C /* Preview Assets.xcassets */ = {isa = PBXFileReference; lastKnownFileType = folder.assetcatalog; path = "Preview Assets.xcassets"; sourceTree = "<group>"; };
		EA076E842B15DF7F001A033C /* AudioPlayer.swift */ = {isa = PBXFileReference; lastKnownFileType = sourcecode.swift; path = AudioPlayer.swift; sourceTree = "<group>"; };
		EA076E862B15E25C001A033C /* Info.plist */ = {isa = PBXFileReference; lastKnownFileType = text.plist; path = Info.plist; sourceTree = "<group>"; };
		EA1E5DBC2B716B440003D726 /* iletişim.mp3 */ = {isa = PBXFileReference; lastKnownFileType = audio.mp3; path = "iletişim.mp3"; sourceTree = "<group>"; };
		EA2EA2F32B160369002D300E /* 1.mp3 */ = {isa = PBXFileReference; lastKnownFileType = audio.mp3; path = 1.mp3; sourceTree = "<group>"; };
		EA367F902B70502C007EF775 /* MainView.swift */ = {isa = PBXFileReference; fileEncoding = 4; lastKnownFileType = sourcecode.swift; path = MainView.swift; sourceTree = "<group>"; };
		EA37F18F2B6EF28E00884AC4 /* nefes.mp3 */ = {isa = PBXFileReference; lastKnownFileType = audio.mp3; path = nefes.mp3; sourceTree = "<group>"; };
		EA37F1912B6EFA0900884AC4 /* Bereket&Denge.mp3 */ = {isa = PBXFileReference; lastKnownFileType = audio.mp3; path = "Bereket&Denge.mp3"; sourceTree = "<group>"; };
		EA37F1922B6EFA0A00884AC4 /* basari.mp3 */ = {isa = PBXFileReference; lastKnownFileType = audio.mp3; path = basari.mp3; sourceTree = "<group>"; };
		EA37F1932B6EFA0A00884AC4 /* 4cumle.mp3 */ = {isa = PBXFileReference; lastKnownFileType = audio.mp3; path = 4cumle.mp3; sourceTree = "<group>"; };
		EA37F1942B6EFA0A00884AC4 /* mujde.mp3 */ = {isa = PBXFileReference; lastKnownFileType = audio.mp3; path = mujde.mp3; sourceTree = "<group>"; };
		EABA6E3D2B162B6100BBDC24 /* 2.mp3 */ = {isa = PBXFileReference; lastKnownFileType = audio.mp3; path = 2.mp3; sourceTree = "<group>"; };
		EAC780632B701F81001B9F63 /* Assets.xcassets */ = {isa = PBXFileReference; lastKnownFileType = folder.assetcatalog; path = Assets.xcassets; sourceTree = "<group>"; };
/* End PBXFileReference section */

/* Begin PBXFrameworksBuildPhase section */
		EA076E702B15DE71001A033C /* Frameworks */ = {
			isa = PBXFrameworksBuildPhase;
			buildActionMask = 2147483647;
			files = (
			);
			runOnlyForDeploymentPostprocessing = 0;
		};
/* End PBXFrameworksBuildPhase section */

/* Begin PBXGroup section */
		981FAB152B766E98005AFBE3 /* Views */ = {
			isa = PBXGroup;
			children = (
				EA367F902B70502C007EF775 /* MainView.swift */,
				981FAB132B766E7C005AFBE3 /* ChakrasView.swift */,
				981FAB162B767B15005AFBE3 /* ChakrasDetailView.swift */,
				981FAB182B76B616005AFBE3 /* ShareView.swift */,
			);
			path = Views;
			sourceTree = "<group>";
		};
		EA076E6A2B15DE71001A033C = {
			isa = PBXGroup;
			children = (
				EA076E752B15DE71001A033C /* Calm */,
				EA076E742B15DE71001A033C /* Products */,
			);
			sourceTree = "<group>";
		};
		EA076E742B15DE71001A033C /* Products */ = {
			isa = PBXGroup;
			children = (
				EA076E732B15DE71001A033C /* Calm.app */,
			);
			name = Products;
			sourceTree = "<group>";
		};
		EA076E752B15DE71001A033C /* Calm */ = {
			isa = PBXGroup;
			children = (
				EAC780632B701F81001B9F63 /* Assets.xcassets */,
				EA076E862B15E25C001A033C /* Info.plist */,
				EA076E762B15DE71001A033C /* CalmApp.swift */,
				981FAB152B766E98005AFBE3 /* Views */,
				EA076E842B15DF7F001A033C /* AudioPlayer.swift */,
				983EB7382B754CD9001B8E86 /* TutorialViewInContents.swift */,
				983EB73E2B755914001B8E86 /* Localizable.strings */,
				EA37F1932B6EFA0A00884AC4 /* 4cumle.mp3 */,
				986FAB6B2B7BA1A4004D731E /* kalp.mp3 */,
				EA37F1922B6EFA0A00884AC4 /* basari.mp3 */,
				EA37F1912B6EFA0900884AC4 /* Bereket&Denge.mp3 */,
				EA37F1942B6EFA0A00884AC4 /* mujde.mp3 */,
				EA1E5DBC2B716B440003D726 /* iletişim.mp3 */,
				EA37F18F2B6EF28E00884AC4 /* nefes.mp3 */,
				EA2EA2F32B160369002D300E /* 1.mp3 */,
				EABA6E3D2B162B6100BBDC24 /* 2.mp3 */,
				EA076E7C2B15DE72001A033C /* Preview Content */,
			);
			path = Calm;
			sourceTree = "<group>";
		};
		EA076E7C2B15DE72001A033C /* Preview Content */ = {
			isa = PBXGroup;
			children = (
				EA076E7D2B15DE72001A033C /* Preview Assets.xcassets */,
			);
			path = "Preview Content";
			sourceTree = "<group>";
		};
/* End PBXGroup section */

/* Begin PBXNativeTarget section */
		EA076E722B15DE71001A033C /* Calm */ = {
			isa = PBXNativeTarget;
			buildConfigurationList = EA076E812B15DE72001A033C /* Build configuration list for PBXNativeTarget "Calm" */;
			buildPhases = (
				EA076E6F2B15DE71001A033C /* Sources */,
				EA076E702B15DE71001A033C /* Frameworks */,
				EA076E712B15DE71001A033C /* Resources */,
			);
			buildRules = (
			);
			dependencies = (
			);
			name = Calm;
			productName = Calm;
			productReference = EA076E732B15DE71001A033C /* Calm.app */;
			productType = "com.apple.product-type.application";
		};
/* End PBXNativeTarget section */

/* Begin PBXProject section */
		EA076E6B2B15DE71001A033C /* Project object */ = {
			isa = PBXProject;
			attributes = {
				BuildIndependentTargetsInParallel = 1;
				LastSwiftUpdateCheck = 1430;
				LastUpgradeCheck = 1430;
				TargetAttributes = {
					EA076E722B15DE71001A033C = {
						CreatedOnToolsVersion = 14.3.1;
					};
				};
			};
			buildConfigurationList = EA076E6E2B15DE71001A033C /* Build configuration list for PBXProject "Calm" */;
			compatibilityVersion = "Xcode 14.0";
			developmentRegion = en;
			hasScannedForEncodings = 0;
			knownRegions = (
				en,
				Base,
				tr,
			);
			mainGroup = EA076E6A2B15DE71001A033C;
			productRefGroup = EA076E742B15DE71001A033C /* Products */;
			projectDirPath = "";
			projectRoot = "";
			targets = (
				EA076E722B15DE71001A033C /* Calm */,
			);
		};
/* End PBXProject section */

/* Begin PBXResourcesBuildPhase section */
		EA076E712B15DE71001A033C /* Resources */ = {
			isa = PBXResourcesBuildPhase;
			buildActionMask = 2147483647;
			files = (
				EA37F1902B6EF28E00884AC4 /* nefes.mp3 in Resources */,
				983EB73C2B755914001B8E86 /* Localizable.strings in Resources */,
				986FAB6C2B7BA1A4004D731E /* kalp.mp3 in Resources */,
				EABA6E3E2B162B6100BBDC24 /* 2.mp3 in Resources */,
				EA37F1972B6EFA0B00884AC4 /* basari.mp3 in Resources */,
				EA076E7E2B15DE72001A033C /* Preview Assets.xcassets in Resources */,
				EA37F1992B6EFA0B00884AC4 /* mujde.mp3 in Resources */,
				EA2EA2F52B160369002D300E /* 1.mp3 in Resources */,
				EA37F1982B6EFA0B00884AC4 /* 4cumle.mp3 in Resources */,
				EA1E5DBD2B716B440003D726 /* iletişim.mp3 in Resources */,
				EA37F1962B6EFA0B00884AC4 /* Bereket&Denge.mp3 in Resources */,
				EAC780642B701F81001B9F63 /* Assets.xcassets in Resources */,
			);
			runOnlyForDeploymentPostprocessing = 0;
		};
/* End PBXResourcesBuildPhase section */

/* Begin PBXSourcesBuildPhase section */
		EA076E6F2B15DE71001A033C /* Sources */ = {
			isa = PBXSourcesBuildPhase;
			buildActionMask = 2147483647;
			files = (
				EA076E772B15DE71001A033C /* CalmApp.swift in Sources */,
				981FAB172B767B15005AFBE3 /* ChakrasDetailView.swift in Sources */,
				EA076E852B15DF7F001A033C /* AudioPlayer.swift in Sources */,
				981FAB192B76B616005AFBE3 /* ShareView.swift in Sources */,
				981FAB142B766E7C005AFBE3 /* ChakrasView.swift in Sources */,
				EA367F912B70502C007EF775 /* MainView.swift in Sources */,
				983EB7392B754CD9001B8E86 /* TutorialViewInContents.swift in Sources */,
			);
			runOnlyForDeploymentPostprocessing = 0;
		};
/* End PBXSourcesBuildPhase section */

/* Begin PBXVariantGroup section */
		983EB73E2B755914001B8E86 /* Localizable.strings */ = {
			isa = PBXVariantGroup;
			children = (
				983EB73D2B755914001B8E86 /* en */,
				983EB73F2B755F1C001B8E86 /* tr */,
			);
			name = Localizable.strings;
			sourceTree = "<group>";
		};
/* End PBXVariantGroup section */

/* Begin XCBuildConfiguration section */
		EA076E7F2B15DE72001A033C /* Debug */ = {
			isa = XCBuildConfiguration;
			buildSettings = {
				ALWAYS_SEARCH_USER_PATHS = NO;
				CLANG_ANALYZER_NONNULL = YES;
				CLANG_ANALYZER_NUMBER_OBJECT_CONVERSION = YES_AGGRESSIVE;
				CLANG_CXX_LANGUAGE_STANDARD = "gnu++20";
				CLANG_ENABLE_MODULES = YES;
				CLANG_ENABLE_OBJC_ARC = YES;
				CLANG_ENABLE_OBJC_WEAK = YES;
				CLANG_WARN_BLOCK_CAPTURE_AUTORELEASING = YES;
				CLANG_WARN_BOOL_CONVERSION = YES;
				CLANG_WARN_COMMA = YES;
				CLANG_WARN_CONSTANT_CONVERSION = YES;
				CLANG_WARN_DEPRECATED_OBJC_IMPLEMENTATIONS = YES;
				CLANG_WARN_DIRECT_OBJC_ISA_USAGE = YES_ERROR;
				CLANG_WARN_DOCUMENTATION_COMMENTS = YES;
				CLANG_WARN_EMPTY_BODY = YES;
				CLANG_WARN_ENUM_CONVERSION = YES;
				CLANG_WARN_INFINITE_RECURSION = YES;
				CLANG_WARN_INT_CONVERSION = YES;
				CLANG_WARN_NON_LITERAL_NULL_CONVERSION = YES;
				CLANG_WARN_OBJC_IMPLICIT_RETAIN_SELF = YES;
				CLANG_WARN_OBJC_LITERAL_CONVERSION = YES;
				CLANG_WARN_OBJC_ROOT_CLASS = YES_ERROR;
				CLANG_WARN_QUOTED_INCLUDE_IN_FRAMEWORK_HEADER = YES;
				CLANG_WARN_RANGE_LOOP_ANALYSIS = YES;
				CLANG_WARN_STRICT_PROTOTYPES = YES;
				CLANG_WARN_SUSPICIOUS_MOVE = YES;
				CLANG_WARN_UNGUARDED_AVAILABILITY = YES_AGGRESSIVE;
				CLANG_WARN_UNREACHABLE_CODE = YES;
				CLANG_WARN__DUPLICATE_METHOD_MATCH = YES;
				COPY_PHASE_STRIP = NO;
				DEBUG_INFORMATION_FORMAT = dwarf;
				ENABLE_STRICT_OBJC_MSGSEND = YES;
				ENABLE_TESTABILITY = YES;
				GCC_C_LANGUAGE_STANDARD = gnu11;
				GCC_DYNAMIC_NO_PIC = NO;
				GCC_NO_COMMON_BLOCKS = YES;
				GCC_OPTIMIZATION_LEVEL = 0;
				GCC_PREPROCESSOR_DEFINITIONS = (
					"DEBUG=1",
					"$(inherited)",
				);
				GCC_WARN_64_TO_32_BIT_CONVERSION = YES;
				GCC_WARN_ABOUT_RETURN_TYPE = YES_ERROR;
				GCC_WARN_UNDECLARED_SELECTOR = YES;
				GCC_WARN_UNINITIALIZED_AUTOS = YES_AGGRESSIVE;
				GCC_WARN_UNUSED_FUNCTION = YES;
				GCC_WARN_UNUSED_VARIABLE = YES;
				IPHONEOS_DEPLOYMENT_TARGET = 15.4;
				MTL_ENABLE_DEBUG_INFO = INCLUDE_SOURCE;
				MTL_FAST_MATH = YES;
				ONLY_ACTIVE_ARCH = YES;
				SDKROOT = iphoneos;
				SWIFT_ACTIVE_COMPILATION_CONDITIONS = DEBUG;
				SWIFT_OPTIMIZATION_LEVEL = "-Onone";
			};
			name = Debug;
		};
		EA076E802B15DE72001A033C /* Release */ = {
			isa = XCBuildConfiguration;
			buildSettings = {
				ALWAYS_SEARCH_USER_PATHS = NO;
				CLANG_ANALYZER_NONNULL = YES;
				CLANG_ANALYZER_NUMBER_OBJECT_CONVERSION = YES_AGGRESSIVE;
				CLANG_CXX_LANGUAGE_STANDARD = "gnu++20";
				CLANG_ENABLE_MODULES = YES;
				CLANG_ENABLE_OBJC_ARC = YES;
				CLANG_ENABLE_OBJC_WEAK = YES;
				CLANG_WARN_BLOCK_CAPTURE_AUTORELEASING = YES;
				CLANG_WARN_BOOL_CONVERSION = YES;
				CLANG_WARN_COMMA = YES;
				CLANG_WARN_CONSTANT_CONVERSION = YES;
				CLANG_WARN_DEPRECATED_OBJC_IMPLEMENTATIONS = YES;
				CLANG_WARN_DIRECT_OBJC_ISA_USAGE = YES_ERROR;
				CLANG_WARN_DOCUMENTATION_COMMENTS = YES;
				CLANG_WARN_EMPTY_BODY = YES;
				CLANG_WARN_ENUM_CONVERSION = YES;
				CLANG_WARN_INFINITE_RECURSION = YES;
				CLANG_WARN_INT_CONVERSION = YES;
				CLANG_WARN_NON_LITERAL_NULL_CONVERSION = YES;
				CLANG_WARN_OBJC_IMPLICIT_RETAIN_SELF = YES;
				CLANG_WARN_OBJC_LITERAL_CONVERSION = YES;
				CLANG_WARN_OBJC_ROOT_CLASS = YES_ERROR;
				CLANG_WARN_QUOTED_INCLUDE_IN_FRAMEWORK_HEADER = YES;
				CLANG_WARN_RANGE_LOOP_ANALYSIS = YES;
				CLANG_WARN_STRICT_PROTOTYPES = YES;
				CLANG_WARN_SUSPICIOUS_MOVE = YES;
				CLANG_WARN_UNGUARDED_AVAILABILITY = YES_AGGRESSIVE;
				CLANG_WARN_UNREACHABLE_CODE = YES;
				CLANG_WARN__DUPLICATE_METHOD_MATCH = YES;
				COPY_PHASE_STRIP = NO;
				DEBUG_INFORMATION_FORMAT = "dwarf-with-dsym";
				ENABLE_NS_ASSERTIONS = NO;
				ENABLE_STRICT_OBJC_MSGSEND = YES;
				GCC_C_LANGUAGE_STANDARD = gnu11;
				GCC_NO_COMMON_BLOCKS = YES;
				GCC_WARN_64_TO_32_BIT_CONVERSION = YES;
				GCC_WARN_ABOUT_RETURN_TYPE = YES_ERROR;
				GCC_WARN_UNDECLARED_SELECTOR = YES;
				GCC_WARN_UNINITIALIZED_AUTOS = YES_AGGRESSIVE;
				GCC_WARN_UNUSED_FUNCTION = YES;
				GCC_WARN_UNUSED_VARIABLE = YES;
				IPHONEOS_DEPLOYMENT_TARGET = 15.4;
				MTL_ENABLE_DEBUG_INFO = NO;
				MTL_FAST_MATH = YES;
				SDKROOT = iphoneos;
				SWIFT_COMPILATION_MODE = wholemodule;
				SWIFT_OPTIMIZATION_LEVEL = "-O";
				VALIDATE_PRODUCT = YES;
			};
			name = Release;
		};
		EA076E822B15DE72001A033C /* Debug */ = {
			isa = XCBuildConfiguration;
			buildSettings = {
				ASSETCATALOG_COMPILER_APPICON_NAME = AppIcon;
				ASSETCATALOG_COMPILER_GLOBAL_ACCENT_COLOR_NAME = AccentColor;
				CODE_SIGN_IDENTITY = "Apple Development";
				CODE_SIGN_STYLE = Automatic;
				CURRENT_PROJECT_VERSION = 1;
				DEVELOPMENT_ASSET_PATHS = "\"Calm/Preview Content\"";
				DEVELOPMENT_TEAM = 899LNTN484;
				ENABLE_PREVIEWS = YES;
				GENERATE_INFOPLIST_FILE = YES;
				INFOPLIST_FILE = Calm/Info.plist;
				INFOPLIST_KEY_CFBundleDisplayName = "∞ Meditasyon";
				INFOPLIST_KEY_UIApplicationSceneManifest_Generation = YES;
				INFOPLIST_KEY_UIApplicationSupportsIndirectInputEvents = YES;
				INFOPLIST_KEY_UILaunchScreen_Generation = YES;
				INFOPLIST_KEY_UIRequiresFullScreen = YES;
				INFOPLIST_KEY_UISupportedInterfaceOrientations = UIInterfaceOrientationPortrait;
				IPHONEOS_DEPLOYMENT_TARGET = 15.4;
				LD_RUNPATH_SEARCH_PATHS = (
					"$(inherited)",
					"@executable_path/Frameworks",
				);
				MARKETING_VERSION = 1.1;
				PRODUCT_BUNDLE_IDENTIFIER = beratridvanasilturk.Calm;
				PRODUCT_NAME = "$(TARGET_NAME)";
				PROVISIONING_PROFILE_SPECIFIER = "";
				SWIFT_EMIT_LOC_STRINGS = YES;
				SWIFT_VERSION = 5.0;
				TARGETED_DEVICE_FAMILY = "1,2";
			};
			name = Debug;
		};
		EA076E832B15DE72001A033C /* Release */ = {
			isa = XCBuildConfiguration;
			buildSettings = {
				ASSETCATALOG_COMPILER_APPICON_NAME = AppIcon;
				ASSETCATALOG_COMPILER_GLOBAL_ACCENT_COLOR_NAME = AccentColor;
				CODE_SIGN_IDENTITY = "Apple Development";
				CODE_SIGN_STYLE = Automatic;
				CURRENT_PROJECT_VERSION = 1;
				DEVELOPMENT_ASSET_PATHS = "\"Calm/Preview Content\"";
				DEVELOPMENT_TEAM = 899LNTN484;
				ENABLE_PREVIEWS = YES;
				GENERATE_INFOPLIST_FILE = YES;
				INFOPLIST_FILE = Calm/Info.plist;
				INFOPLIST_KEY_CFBundleDisplayName = "∞ Meditasyon";
				INFOPLIST_KEY_UIApplicationSceneManifest_Generation = YES;
				INFOPLIST_KEY_UIApplicationSupportsIndirectInputEvents = YES;
				INFOPLIST_KEY_UILaunchScreen_Generation = YES;
				INFOPLIST_KEY_UIRequiresFullScreen = YES;
				INFOPLIST_KEY_UISupportedInterfaceOrientations = UIInterfaceOrientationPortrait;
				IPHONEOS_DEPLOYMENT_TARGET = 15.4;
				LD_RUNPATH_SEARCH_PATHS = (
					"$(inherited)",
					"@executable_path/Frameworks",
				);
				MARKETING_VERSION = 1.1;
				PRODUCT_BUNDLE_IDENTIFIER = beratridvanasilturk.Calm;
				PRODUCT_NAME = "$(TARGET_NAME)";
				PROVISIONING_PROFILE_SPECIFIER = "";
				SWIFT_EMIT_LOC_STRINGS = YES;
				SWIFT_VERSION = 5.0;
				TARGETED_DEVICE_FAMILY = "1,2";
			};
			name = Release;
		};
/* End XCBuildConfiguration section */

/* Begin XCConfigurationList section */
		EA076E6E2B15DE71001A033C /* Build configuration list for PBXProject "Calm" */ = {
			isa = XCConfigurationList;
			buildConfigurations = (
				EA076E7F2B15DE72001A033C /* Debug */,
				EA076E802B15DE72001A033C /* Release */,
			);
			defaultConfigurationIsVisible = 0;
			defaultConfigurationName = Release;
		};
		EA076E812B15DE72001A033C /* Build configuration list for PBXNativeTarget "Calm" */ = {
			isa = XCConfigurationList;
			buildConfigurations = (
				EA076E822B15DE72001A033C /* Debug */,
				EA076E832B15DE72001A033C /* Release */,
			);
			defaultConfigurationIsVisible = 0;
			defaultConfigurationName = Release;
		};
/* End XCConfigurationList section */
	};
	rootObject = EA076E6B2B15DE71001A033C /* Project object */;
}
