// !$*UTF8*$!
{
	archiveVersion = 1;
	classes = {
	};
	objectVersion = 56;
	objects = {

/* Begin PBXBuildFile section */
		EA076E772B15DE71001A033C /* CalmApp.swift in Sources */ = {isa = PBXBuildFile; fileRef = EA076E762B15DE71001A033C /* CalmApp.swift */; };
		EA076E792B15DE71001A033C /* ContentView.swift in Sources */ = {isa = PBXBuildFile; fileRef = EA076E782B15DE71001A033C /* ContentView.swift */; };
		EA076E7E2B15DE72001A033C /* Preview Assets.xcassets in Resources */ = {isa = PBXBuildFile; fileRef = EA076E7D2B15DE72001A033C /* Preview Assets.xcassets */; };
		EA076E852B15DF7F001A033C /* AudioPlayer.swift in Sources */ = {isa = PBXBuildFile; fileRef = EA076E842B15DF7F001A033C /* AudioPlayer.swift */; };
		EA2EA2F52B160369002D300E /* 1.mp3 in Resources */ = {isa = PBXBuildFile; fileRef = EA2EA2F32B160369002D300E /* 1.mp3 */; };
		EA37F1902B6EF28E00884AC4 /* nefes.mp3 in Resources */ = {isa = PBXBuildFile; fileRef = EA37F18F2B6EF28E00884AC4 /* nefes.mp3 */; };
		EA37F1962B6EFA0B00884AC4 /* Bereket&Denge.mp3 in Resources */ = {isa = PBXBuildFile; fileRef = EA37F1912B6EFA0900884AC4 /* Bereket&Denge.mp3 */; };
		EA37F1972B6EFA0B00884AC4 /* basari.mp3 in Resources */ = {isa = PBXBuildFile; fileRef = EA37F1922B6EFA0A00884AC4 /* basari.mp3 */; };
		EA37F1982B6EFA0B00884AC4 /* 4cumle.mp3 in Resources */ = {isa = PBXBuildFile; fileRef = EA37F1932B6EFA0A00884AC4 /* 4cumle.mp3 */; };
		EA37F1992B6EFA0B00884AC4 /* mujde.mp3 in Resources */ = {isa = PBXBuildFile; fileRef = EA37F1942B6EFA0A00884AC4 /* mujde.mp3 */; };
		EA37F19A2B6EFA0B00884AC4 /* baris&birlik.mp3 in Resources */ = {isa = PBXBuildFile; fileRef = EA37F1952B6EFA0B00884AC4 /* baris&birlik.mp3 */; };
		EA7E92052B6E9377009FE024 /* 528.mp3 in Resources */ = {isa = PBXBuildFile; fileRef = EA7E92042B6E9377009FE024 /* 528.mp3 */; };
		EABA6E3E2B162B6100BBDC24 /* 2.mp3 in Resources */ = {isa = PBXBuildFile; fileRef = EABA6E3D2B162B6100BBDC24 /* 2.mp3 */; };
		EAC780562B7014B5001B9F63 /* i.mp4 in Resources */ = {isa = PBXBuildFile; fileRef = EAC780552B7014B5001B9F63 /* i.mp4 */; };
		EAC780582B701643001B9F63 /* l.mp4 in Resources */ = {isa = PBXBuildFile; fileRef = EAC780572B701643001B9F63 /* l.mp4 */; };
		EAC7805A2B70177C001B9F63 /* k.mp4 in Resources */ = {isa = PBXBuildFile; fileRef = EAC780592B70177C001B9F63 /* k.mp4 */; };
		EAC7805C2B701811001B9F63 /* 4.mp4 in Resources */ = {isa = PBXBuildFile; fileRef = EAC7805B2B701811001B9F63 /* 4.mp4 */; };
		EAC780622B701F24001B9F63 /* h.mp4 in Resources */ = {isa = PBXBuildFile; fileRef = EAC780612B701F24001B9F63 /* h.mp4 */; };
		EAC780642B701F81001B9F63 /* Assets.xcassets in Resources */ = {isa = PBXBuildFile; fileRef = EAC780632B701F81001B9F63 /* Assets.xcassets */; };
/* End PBXBuildFile section */

/* Begin PBXFileReference section */
		EA076E732B15DE71001A033C /* Calm.app */ = {isa = PBXFileReference; explicitFileType = wrapper.application; includeInIndex = 0; path = Calm.app; sourceTree = BUILT_PRODUCTS_DIR; };
		EA076E762B15DE71001A033C /* CalmApp.swift */ = {isa = PBXFileReference; lastKnownFileType = sourcecode.swift; path = CalmApp.swift; sourceTree = "<group>"; };
		EA076E782B15DE71001A033C /* ContentView.swift */ = {isa = PBXFileReference; lastKnownFileType = sourcecode.swift; path = ContentView.swift; sourceTree = "<group>"; };
		EA076E7D2B15DE72001A033C /* Preview Assets.xcassets */ = {isa = PBXFileReference; lastKnownFileType = folder.assetcatalog; path = "Preview Assets.xcassets"; sourceTree = "<group>"; };
		EA076E842B15DF7F001A033C /* AudioPlayer.swift */ = {isa = PBXFileReference; lastKnownFileType = sourcecode.swift; path = AudioPlayer.swift; sourceTree = "<group>"; };
		EA076E862B15E25C001A033C /* Info.plist */ = {isa = PBXFileReference; lastKnownFileType = text.plist; path = Info.plist; sourceTree = "<group>"; };
		EA2EA2F32B160369002D300E /* 1.mp3 */ = {isa = PBXFileReference; lastKnownFileType = audio.mp3; path = 1.mp3; sourceTree = "<group>"; };
		EA37F18F2B6EF28E00884AC4 /* nefes.mp3 */ = {isa = PBXFileReference; lastKnownFileType = audio.mp3; path = nefes.mp3; sourceTree = "<group>"; };
		EA37F1912B6EFA0900884AC4 /* Bereket&Denge.mp3 */ = {isa = PBXFileReference; lastKnownFileType = audio.mp3; path = "Bereket&Denge.mp3"; sourceTree = "<group>"; };
		EA37F1922B6EFA0A00884AC4 /* basari.mp3 */ = {isa = PBXFileReference; lastKnownFileType = audio.mp3; path = basari.mp3; sourceTree = "<group>"; };
		EA37F1932B6EFA0A00884AC4 /* 4cumle.mp3 */ = {isa = PBXFileReference; lastKnownFileType = audio.mp3; path = 4cumle.mp3; sourceTree = "<group>"; };
		EA37F1942B6EFA0A00884AC4 /* mujde.mp3 */ = {isa = PBXFileReference; lastKnownFileType = audio.mp3; path = mujde.mp3; sourceTree = "<group>"; };
		EA37F1952B6EFA0B00884AC4 /* baris&birlik.mp3 */ = {isa = PBXFileReference; lastKnownFileType = audio.mp3; path = "baris&birlik.mp3"; sourceTree = "<group>"; };
		EA7E92042B6E9377009FE024 /* 528.mp3 */ = {isa = PBXFileReference; lastKnownFileType = audio.mp3; path = 528.mp3; sourceTree = "<group>"; };
		EABA6E3D2B162B6100BBDC24 /* 2.mp3 */ = {isa = PBXFileReference; lastKnownFileType = audio.mp3; path = 2.mp3; sourceTree = "<group>"; };
		EAC780552B7014B5001B9F63 /* i.mp4 */ = {isa = PBXFileReference; lastKnownFileType = file; path = i.mp4; sourceTree = "<group>"; };
		EAC780572B701643001B9F63 /* l.mp4 */ = {isa = PBXFileReference; lastKnownFileType = file; path = l.mp4; sourceTree = "<group>"; };
		EAC780592B70177C001B9F63 /* k.mp4 */ = {isa = PBXFileReference; lastKnownFileType = file; path = k.mp4; sourceTree = "<group>"; };
		EAC7805B2B701811001B9F63 /* 4.mp4 */ = {isa = PBXFileReference; lastKnownFileType = file; path = 4.mp4; sourceTree = "<group>"; };
		EAC780612B701F24001B9F63 /* h.mp4 */ = {isa = PBXFileReference; lastKnownFileType = file; path = h.mp4; sourceTree = "<group>"; };
		EAC780632B701F81001B9F63 /* Assets.xcassets */ = {isa = PBXFileReference; lastKnownFileType = folder.assetcatalog; path = Assets.xcassets; sourceTree = "<group>"; };
/* End PBXFileReference section */

/* Begin PBXFrameworksBuildPhase section */
		EA076E702B15DE71001A033C /* Frameworks */ = {
			isa = PBXFrameworksBuildPhase;
			buildActionMask = 2147483647;
			files = (
			);
			runOnlyForDeploymentPostprocessing = 0;
		};
/* End PBXFrameworksBuildPhase section */

/* Begin PBXGroup section */
		EA076E6A2B15DE71001A033C = {
			isa = PBXGroup;
			children = (
				EA076E752B15DE71001A033C /* Calm */,
				EA076E742B15DE71001A033C /* Products */,
			);
			sourceTree = "<group>";
		};
		EA076E742B15DE71001A033C /* Products */ = {
			isa = PBXGroup;
			children = (
				EA076E732B15DE71001A033C /* Calm.app */,
			);
			name = Products;
			sourceTree = "<group>";
		};
		EA076E752B15DE71001A033C /* Calm */ = {
			isa = PBXGroup;
			children = (
				EAC780632B701F81001B9F63 /* Assets.xcassets */,
				EA076E862B15E25C001A033C /* Info.plist */,
				EA076E762B15DE71001A033C /* CalmApp.swift */,
				EA076E782B15DE71001A033C /* ContentView.swift */,
				EA076E842B15DF7F001A033C /* AudioPlayer.swift */,
				EA37F1932B6EFA0A00884AC4 /* 4cumle.mp3 */,
				EA37F1952B6EFA0B00884AC4 /* baris&birlik.mp3 */,
				EA37F1922B6EFA0A00884AC4 /* basari.mp3 */,
				EA37F1912B6EFA0900884AC4 /* Bereket&Denge.mp3 */,
				EA37F1942B6EFA0A00884AC4 /* mujde.mp3 */,
				EA37F18F2B6EF28E00884AC4 /* nefes.mp3 */,
				EA7E92042B6E9377009FE024 /* 528.mp3 */,
				EA2EA2F32B160369002D300E /* 1.mp3 */,
				EABA6E3D2B162B6100BBDC24 /* 2.mp3 */,
				EAC780552B7014B5001B9F63 /* i.mp4 */,
				EAC780572B701643001B9F63 /* l.mp4 */,
				EAC780592B70177C001B9F63 /* k.mp4 */,
				EAC7805B2B701811001B9F63 /* 4.mp4 */,
				EAC780612B701F24001B9F63 /* h.mp4 */,
				EA076E7C2B15DE72001A033C /* Preview Content */,
			);
			path = Calm;
			sourceTree = "<group>";
		};
		EA076E7C2B15DE72001A033C /* Preview Content */ = {
			isa = PBXGroup;
			children = (
				EA076E7D2B15DE72001A033C /* Preview Assets.xcassets */,
			);
			path = "Preview Content";
			sourceTree = "<group>";
		};
/* End PBXGroup section */

/* Begin PBXNativeTarget section */
		EA076E722B15DE71001A033C /* Calm */ = {
			isa = PBXNativeTarget;
			buildConfigurationList = EA076E812B15DE72001A033C /* Build configuration list for PBXNativeTarget "Calm" */;
			buildPhases = (
				EA076E6F2B15DE71001A033C /* Sources */,
				EA076E702B15DE71001A033C /* Frameworks */,
				EA076E712B15DE71001A033C /* Resources */,
			);
			buildRules = (
			);
			dependencies = (
			);
			name = Calm;
			productName = Calm;
			productReference = EA076E732B15DE71001A033C /* Calm.app */;
			productType = "com.apple.product-type.application";
		};
/* End PBXNativeTarget section */

/* Begin PBXProject section */
		EA076E6B2B15DE71001A033C /* Project object */ = {
			isa = PBXProject;
			attributes = {
				BuildIndependentTargetsInParallel = 1;
				LastSwiftUpdateCheck = 1430;
				LastUpgradeCheck = 1430;
				TargetAttributes = {
					EA076E722B15DE71001A033C = {
						CreatedOnToolsVersion = 14.3.1;
					};
				};
			};
			buildConfigurationList = EA076E6E2B15DE71001A033C /* Build configuration list for PBXProject "Calm" */;
			compatibilityVersion = "Xcode 14.0";
			developmentRegion = en;
			hasScannedForEncodings = 0;
			knownRegions = (
				en,
				Base,
			);
			mainGroup = EA076E6A2B15DE71001A033C;
			productRefGroup = EA076E742B15DE71001A033C /* Products */;
			projectDirPath = "";
			projectRoot = "";
			targets = (
				EA076E722B15DE71001A033C /* Calm */,
			);
		};
/* End PBXProject section */

/* Begin PBXResourcesBuildPhase section */
		EA076E712B15DE71001A033C /* Resources */ = {
			isa = PBXResourcesBuildPhase;
			buildActionMask = 2147483647;
			files = (
				EA37F1902B6EF28E00884AC4 /* nefes.mp3 in Resources */,
				EABA6E3E2B162B6100BBDC24 /* 2.mp3 in Resources */,
				EA37F1972B6EFA0B00884AC4 /* basari.mp3 in Resources */,
				EA076E7E2B15DE72001A033C /* Preview Assets.xcassets in Resources */,
				EA7E92052B6E9377009FE024 /* 528.mp3 in Resources */,
				EAC7805C2B701811001B9F63 /* 4.mp4 in Resources */,
				EAC780582B701643001B9F63 /* l.mp4 in Resources */,
				EA37F1992B6EFA0B00884AC4 /* mujde.mp3 in Resources */,
				EA2EA2F52B160369002D300E /* 1.mp3 in Resources */,
				EA37F1982B6EFA0B00884AC4 /* 4cumle.mp3 in Resources */,
				EAC780562B7014B5001B9F63 /* i.mp4 in Resources */,
				EA37F19A2B6EFA0B00884AC4 /* baris&birlik.mp3 in Resources */,
				EAC780622B701F24001B9F63 /* h.mp4 in Resources */,
				EA37F1962B6EFA0B00884AC4 /* Bereket&Denge.mp3 in Resources */,
				EAC780642B701F81001B9F63 /* Assets.xcassets in Resources */,
				EAC7805A2B70177C001B9F63 /* k.mp4 in Resources */,
			);
			runOnlyForDeploymentPostprocessing = 0;
		};
/* End PBXResourcesBuildPhase section */

/* Begin PBXSourcesBuildPhase section */
		EA076E6F2B15DE71001A033C /* Sources */ = {
			isa = PBXSourcesBuildPhase;
			buildActionMask = 2147483647;
			files = (
				EA076E792B15DE71001A033C /* ContentView.swift in Sources */,
				EA076E772B15DE71001A033C /* CalmApp.swift in Sources */,
				EA076E852B15DF7F001A033C /* AudioPlayer.swift in Sources */,
			);
			runOnlyForDeploymentPostprocessing = 0;
		};
/* End PBXSourcesBuildPhase section */

/* Begin XCBuildConfiguration section */
		EA076E7F2B15DE72001A033C /* Debug */ = {
			isa = XCBuildConfiguration;
			buildSettings = {
				ALWAYS_SEARCH_USER_PATHS = NO;
				CLANG_ANALYZER_NONNULL = YES;
				CLANG_ANALYZER_NUMBER_OBJECT_CONVERSION = YES_AGGRESSIVE;
				CLANG_CXX_LANGUAGE_STANDARD = "gnu++20";
				CLANG_ENABLE_MODULES = YES;
				CLANG_ENABLE_OBJC_ARC = YES;
				CLANG_ENABLE_OBJC_WEAK = YES;
				CLANG_WARN_BLOCK_CAPTURE_AUTORELEASING = YES;
				CLANG_WARN_BOOL_CONVERSION = YES;
				CLANG_WARN_COMMA = YES;
				CLANG_WARN_CONSTANT_CONVERSION = YES;
				CLANG_WARN_DEPRECATED_OBJC_IMPLEMENTATIONS = YES;
				CLANG_WARN_DIRECT_OBJC_ISA_USAGE = YES_ERROR;
				CLANG_WARN_DOCUMENTATION_COMMENTS = YES;
				CLANG_WARN_EMPTY_BODY = YES;
				CLANG_WARN_ENUM_CONVERSION = YES;
				CLANG_WARN_INFINITE_RECURSION = YES;
				CLANG_WARN_INT_CONVERSION = YES;
				CLANG_WARN_NON_LITERAL_NULL_CONVERSION = YES;
				CLANG_WARN_OBJC_IMPLICIT_RETAIN_SELF = YES;
				CLANG_WARN_OBJC_LITERAL_CONVERSION = YES;
				CLANG_WARN_OBJC_ROOT_CLASS = YES_ERROR;
				CLANG_WARN_QUOTED_INCLUDE_IN_FRAMEWORK_HEADER = YES;
				CLANG_WARN_RANGE_LOOP_ANALYSIS = YES;
				CLANG_WARN_STRICT_PROTOTYPES = YES;
				CLANG_WARN_SUSPICIOUS_MOVE = YES;
				CLANG_WARN_UNGUARDED_AVAILABILITY = YES_AGGRESSIVE;
				CLANG_WARN_UNREACHABLE_CODE = YES;
				CLANG_WARN__DUPLICATE_METHOD_MATCH = YES;
				COPY_PHASE_STRIP = NO;
				DEBUG_INFORMATION_FORMAT = dwarf;
				ENABLE_STRICT_OBJC_MSGSEND = YES;
				ENABLE_TESTABILITY = YES;
				GCC_C_LANGUAGE_STANDARD = gnu11;
				GCC_DYNAMIC_NO_PIC = NO;
				GCC_NO_COMMON_BLOCKS = YES;
				GCC_OPTIMIZATION_LEVEL = 0;
				GCC_PREPROCESSOR_DEFINITIONS = (
					"DEBUG=1",
					"$(inherited)",
				);
				GCC_WARN_64_TO_32_BIT_CONVERSION = YES;
				GCC_WARN_ABOUT_RETURN_TYPE = YES_ERROR;
				GCC_WARN_UNDECLARED_SELECTOR = YES;
				GCC_WARN_UNINITIALIZED_AUTOS = YES_AGGRESSIVE;
				GCC_WARN_UNUSED_FUNCTION = YES;
				GCC_WARN_UNUSED_VARIABLE = YES;
				IPHONEOS_DEPLOYMENT_TARGET = 15.4;
				MTL_ENABLE_DEBUG_INFO = INCLUDE_SOURCE;
				MTL_FAST_MATH = YES;
				ONLY_ACTIVE_ARCH = YES;
				SDKROOT = iphoneos;
				SWIFT_ACTIVE_COMPILATION_CONDITIONS = DEBUG;
				SWIFT_OPTIMIZATION_LEVEL = "-Onone";
			};
			name = Debug;
		};
		EA076E802B15DE72001A033C /* Release */ = {
			isa = XCBuildConfiguration;
			buildSettings = {
				ALWAYS_SEARCH_USER_PATHS = NO;
				CLANG_ANALYZER_NONNULL = YES;
				CLANG_ANALYZER_NUMBER_OBJECT_CONVERSION = YES_AGGRESSIVE;
				CLANG_CXX_LANGUAGE_STANDARD = "gnu++20";
				CLANG_ENABLE_MODULES = YES;
				CLANG_ENABLE_OBJC_ARC = YES;
				CLANG_ENABLE_OBJC_WEAK = YES;
				CLANG_WARN_BLOCK_CAPTURE_AUTORELEASING = YES;
				CLANG_WARN_BOOL_CONVERSION = YES;
				CLANG_WARN_COMMA = YES;
				CLANG_WARN_CONSTANT_CONVERSION = YES;
				CLANG_WARN_DEPRECATED_OBJC_IMPLEMENTATIONS = YES;
				CLANG_WARN_DIRECT_OBJC_ISA_USAGE = YES_ERROR;
				CLANG_WARN_DOCUMENTATION_COMMENTS = YES;
				CLANG_WARN_EMPTY_BODY = YES;
				CLANG_WARN_ENUM_CONVERSION = YES;
				CLANG_WARN_INFINITE_RECURSION = YES;
				CLANG_WARN_INT_CONVERSION = YES;
				CLANG_WARN_NON_LITERAL_NULL_CONVERSION = YES;
				CLANG_WARN_OBJC_IMPLICIT_RETAIN_SELF = YES;
				CLANG_WARN_OBJC_LITERAL_CONVERSION = YES;
				CLANG_WARN_OBJC_ROOT_CLASS = YES_ERROR;
				CLANG_WARN_QUOTED_INCLUDE_IN_FRAMEWORK_HEADER = YES;
				CLANG_WARN_RANGE_LOOP_ANALYSIS = YES;
				CLANG_WARN_STRICT_PROTOTYPES = YES;
				CLANG_WARN_SUSPICIOUS_MOVE = YES;
				CLANG_WARN_UNGUARDED_AVAILABILITY = YES_AGGRESSIVE;
				CLANG_WARN_UNREACHABLE_CODE = YES;
				CLANG_WARN__DUPLICATE_METHOD_MATCH = YES;
				COPY_PHASE_STRIP = NO;
				DEBUG_INFORMATION_FORMAT = "dwarf-with-dsym";
				ENABLE_NS_ASSERTIONS = NO;
				ENABLE_STRICT_OBJC_MSGSEND = YES;
				GCC_C_LANGUAGE_STANDARD = gnu11;
				GCC_NO_COMMON_BLOCKS = YES;
				GCC_WARN_64_TO_32_BIT_CONVERSION = YES;
				GCC_WARN_ABOUT_RETURN_TYPE = YES_ERROR;
				GCC_WARN_UNDECLARED_SELECTOR = YES;
				GCC_WARN_UNINITIALIZED_AUTOS = YES_AGGRESSIVE;
				GCC_WARN_UNUSED_FUNCTION = YES;
				GCC_WARN_UNUSED_VARIABLE = YES;
				IPHONEOS_DEPLOYMENT_TARGET = 15.4;
				MTL_ENABLE_DEBUG_INFO = NO;
				MTL_FAST_MATH = YES;
				SDKROOT = iphoneos;
				SWIFT_COMPILATION_MODE = wholemodule;
				SWIFT_OPTIMIZATION_LEVEL = "-O";
				VALIDATE_PRODUCT = YES;
			};
			name = Release;
		};
		EA076E822B15DE72001A033C /* Debug */ = {
			isa = XCBuildConfiguration;
			buildSettings = {
				ASSETCATALOG_COMPILER_APPICON_NAME = AppIcon;
				ASSETCATALOG_COMPILER_GLOBAL_ACCENT_COLOR_NAME = AccentColor;
				CODE_SIGN_IDENTITY = "Apple Development";
				CODE_SIGN_STYLE = Automatic;
				CURRENT_PROJECT_VERSION = 1;
				DEVELOPMENT_ASSET_PATHS = "\"Calm/Preview Content\"";
				DEVELOPMENT_TEAM = 899LNTN484;
				ENABLE_PREVIEWS = YES;
				GENERATE_INFOPLIST_FILE = YES;
				INFOPLIST_FILE = Calm/Info.plist;
				INFOPLIST_KEY_CFBundleDisplayName = Calm;
				INFOPLIST_KEY_UIApplicationSceneManifest_Generation = YES;
				INFOPLIST_KEY_UIApplicationSupportsIndirectInputEvents = YES;
				INFOPLIST_KEY_UILaunchScreen_Generation = YES;
				INFOPLIST_KEY_UISupportedInterfaceOrientations_iPad = "UIInterfaceOrientationPortrait UIInterfaceOrientationPortraitUpsideDown UIInterfaceOrientationLandscapeLeft UIInterfaceOrientationLandscapeRight";
				INFOPLIST_KEY_UISupportedInterfaceOrientations_iPhone = "UIInterfaceOrientationPortrait UIInterfaceOrientationLandscapeLeft UIInterfaceOrientationLandscapeRight";
				IPHONEOS_DEPLOYMENT_TARGET = 15.4;
				LD_RUNPATH_SEARCH_PATHS = (
					"$(inherited)",
					"@executable_path/Frameworks",
				);
				MARKETING_VERSION = 1.0;
				PRODUCT_BUNDLE_IDENTIFIER = beratridvanasilturk.Calm;
				PRODUCT_NAME = "$(TARGET_NAME)";
				PROVISIONING_PROFILE_SPECIFIER = "";
				SWIFT_EMIT_LOC_STRINGS = YES;
				SWIFT_VERSION = 5.0;
				TARGETED_DEVICE_FAMILY = "1,2";
			};
			name = Debug;
		};
		EA076E832B15DE72001A033C /* Release */ = {
			isa = XCBuildConfiguration;
			buildSettings = {
				ASSETCATALOG_COMPILER_APPICON_NAME = AppIcon;
				ASSETCATALOG_COMPILER_GLOBAL_ACCENT_COLOR_NAME = AccentColor;
				CODE_SIGN_IDENTITY = "Apple Development";
				CODE_SIGN_STYLE = Automatic;
				CURRENT_PROJECT_VERSION = 1;
				DEVELOPMENT_ASSET_PATHS = "\"Calm/Preview Content\"";
				DEVELOPMENT_TEAM = 899LNTN484;
				ENABLE_PREVIEWS = YES;
				GENERATE_INFOPLIST_FILE = YES;
				INFOPLIST_FILE = Calm/Info.plist;
				INFOPLIST_KEY_CFBundleDisplayName = Calm;
				INFOPLIST_KEY_UIApplicationSceneManifest_Generation = YES;
				INFOPLIST_KEY_UIApplicationSupportsIndirectInputEvents = YES;
				INFOPLIST_KEY_UILaunchScreen_Generation = YES;
				INFOPLIST_KEY_UISupportedInterfaceOrientations_iPad = "UIInterfaceOrientationPortrait UIInterfaceOrientationPortraitUpsideDown UIInterfaceOrientationLandscapeLeft UIInterfaceOrientationLandscapeRight";
				INFOPLIST_KEY_UISupportedInterfaceOrientations_iPhone = "UIInterfaceOrientationPortrait UIInterfaceOrientationLandscapeLeft UIInterfaceOrientationLandscapeRight";
				IPHONEOS_DEPLOYMENT_TARGET = 15.4;
				LD_RUNPATH_SEARCH_PATHS = (
					"$(inherited)",
					"@executable_path/Frameworks",
				);
				MARKETING_VERSION = 1.0;
				PRODUCT_BUNDLE_IDENTIFIER = beratridvanasilturk.Calm;
				PRODUCT_NAME = "$(TARGET_NAME)";
				PROVISIONING_PROFILE_SPECIFIER = "";
				SWIFT_EMIT_LOC_STRINGS = YES;
				SWIFT_VERSION = 5.0;
				TARGETED_DEVICE_FAMILY = "1,2";
			};
			name = Release;
		};
/* End XCBuildConfiguration section */

/* Begin XCConfigurationList section */
		EA076E6E2B15DE71001A033C /* Build configuration list for PBXProject "Calm" */ = {
			isa = XCConfigurationList;
			buildConfigurations = (
				EA076E7F2B15DE72001A033C /* Debug */,
				EA076E802B15DE72001A033C /* Release */,
			);
			defaultConfigurationIsVisible = 0;
			defaultConfigurationName = Release;
		};
		EA076E812B15DE72001A033C /* Build configuration list for PBXNativeTarget "Calm" */ = {
			isa = XCConfigurationList;
			buildConfigurations = (
				EA076E822B15DE72001A033C /* Debug */,
				EA076E832B15DE72001A033C /* Release */,
			);
			defaultConfigurationIsVisible = 0;
			defaultConfigurationName = Release;
		};
/* End XCConfigurationList section */
	};
	rootObject = EA076E6B2B15DE71001A033C /* Project object */;
}
